// !$*UTF8*$!
{
	archiveVersion = 1;
	classes = {
	};
	objectVersion = 51;
	objects = {

/* Begin PBXBuildFile section */
		CF085E3C2512E980006F3B55 /* AppDelegate.swift in Sources */ = {isa = PBXBuildFile; fileRef = CF085E3B2512E980006F3B55 /* AppDelegate.swift */; };
		CF085E3E2512E980006F3B55 /* SceneDelegate.swift in Sources */ = {isa = PBXBuildFile; fileRef = CF085E3D2512E980006F3B55 /* SceneDelegate.swift */; };
		CF085E402512E980006F3B55 /* ViewController.swift in Sources */ = {isa = PBXBuildFile; fileRef = CF085E3F2512E980006F3B55 /* ViewController.swift */; };
		CF085E432512E980006F3B55 /* Main.storyboard in Resources */ = {isa = PBXBuildFile; fileRef = CF085E412512E980006F3B55 /* Main.storyboard */; };
		CF085E452512E982006F3B55 /* Assets.xcassets in Resources */ = {isa = PBXBuildFile; fileRef = CF085E442512E982006F3B55 /* Assets.xcassets */; };
		CF085E482512E982006F3B55 /* LaunchScreen.storyboard in Resources */ = {isa = PBXBuildFile; fileRef = CF085E462512E982006F3B55 /* LaunchScreen.storyboard */; };
		CF085E502512EE73006F3B55 /* MemoViewController.swift in Sources */ = {isa = PBXBuildFile; fileRef = CF085E4F2512EE73006F3B55 /* MemoViewController.swift */; };
		CF085E522512F21F006F3B55 /* addMemoViewController.swift in Sources */ = {isa = PBXBuildFile; fileRef = CF085E512512F21F006F3B55 /* addMemoViewController.swift */; };
		CF085E542512F3E7006F3B55 /* DetailViewController.swift in Sources */ = {isa = PBXBuildFile; fileRef = CF085E532512F3E7006F3B55 /* DetailViewController.swift */; };
		CF085E562512F981006F3B55 /* SpreadSheetViewController.swift in Sources */ = {isa = PBXBuildFile; fileRef = CF085E552512F981006F3B55 /* SpreadSheetViewController.swift */; };
		CF974EC025130376000158F7 /* BlogViewController.swift in Sources */ = {isa = PBXBuildFile; fileRef = CF974EBF25130376000158F7 /* BlogViewController.swift */; };
		CF974EC2251316A3000158F7 /* BusinessHoursViewController.swift in Sources */ = {isa = PBXBuildFile; fileRef = CF974EC1251316A3000158F7 /* BusinessHoursViewController.swift */; };
		D82F5BAD1F5E0367389DCB47 /* Pods_Bowling3.framework in Frameworks */ = {isa = PBXBuildFile; fileRef = AE5B01B33954135F85B7A5C2 /* Pods_Bowling3.framework */; };
/* End PBXBuildFile section */

/* Begin PBXFileReference section */
		A439573DDC3B1524DDB42925 /* Pods-Bowling3.debug.xcconfig */ = {isa = PBXFileReference; includeInIndex = 1; lastKnownFileType = text.xcconfig; name = "Pods-Bowling3.debug.xcconfig"; path = "Target Support Files/Pods-Bowling3/Pods-Bowling3.debug.xcconfig"; sourceTree = "<group>"; };
		AE5B01B33954135F85B7A5C2 /* Pods_Bowling3.framework */ = {isa = PBXFileReference; explicitFileType = wrapper.framework; includeInIndex = 0; path = Pods_Bowling3.framework; sourceTree = BUILT_PRODUCTS_DIR; };
		CF085E382512E980006F3B55 /* Bowling3.app */ = {isa = PBXFileReference; explicitFileType = wrapper.application; includeInIndex = 0; path = Bowling3.app; sourceTree = BUILT_PRODUCTS_DIR; };
		CF085E3B2512E980006F3B55 /* AppDelegate.swift */ = {isa = PBXFileReference; lastKnownFileType = sourcecode.swift; path = AppDelegate.swift; sourceTree = "<group>"; };
		CF085E3D2512E980006F3B55 /* SceneDelegate.swift */ = {isa = PBXFileReference; lastKnownFileType = sourcecode.swift; path = SceneDelegate.swift; sourceTree = "<group>"; };
		CF085E3F2512E980006F3B55 /* ViewController.swift */ = {isa = PBXFileReference; lastKnownFileType = sourcecode.swift; path = ViewController.swift; sourceTree = "<group>"; };
		CF085E422512E980006F3B55 /* Base */ = {isa = PBXFileReference; lastKnownFileType = file.storyboard; name = Base; path = Base.lproj/Main.storyboard; sourceTree = "<group>"; };
		CF085E442512E982006F3B55 /* Assets.xcassets */ = {isa = PBXFileReference; lastKnownFileType = folder.assetcatalog; path = Assets.xcassets; sourceTree = "<group>"; };
		CF085E472512E982006F3B55 /* Base */ = {isa = PBXFileReference; lastKnownFileType = file.storyboard; name = Base; path = Base.lproj/LaunchScreen.storyboard; sourceTree = "<group>"; };
		CF085E492512E982006F3B55 /* Info.plist */ = {isa = PBXFileReference; lastKnownFileType = text.plist.xml; path = Info.plist; sourceTree = "<group>"; };
		CF085E4F2512EE73006F3B55 /* MemoViewController.swift */ = {isa = PBXFileReference; lastKnownFileType = sourcecode.swift; path = MemoViewController.swift; sourceTree = "<group>"; };
		CF085E512512F21F006F3B55 /* addMemoViewController.swift */ = {isa = PBXFileReference; lastKnownFileType = sourcecode.swift; path = addMemoViewController.swift; sourceTree = "<group>"; };
		CF085E532512F3E7006F3B55 /* DetailViewController.swift */ = {isa = PBXFileReference; lastKnownFileType = sourcecode.swift; path = DetailViewController.swift; sourceTree = "<group>"; };
		CF085E552512F981006F3B55 /* SpreadSheetViewController.swift */ = {isa = PBXFileReference; lastKnownFileType = sourcecode.swift; path = SpreadSheetViewController.swift; sourceTree = "<group>"; };
		CF974EBF25130376000158F7 /* BlogViewController.swift */ = {isa = PBXFileReference; lastKnownFileType = sourcecode.swift; path = BlogViewController.swift; sourceTree = "<group>"; };
		CF974EC1251316A3000158F7 /* BusinessHoursViewController.swift */ = {isa = PBXFileReference; lastKnownFileType = sourcecode.swift; path = BusinessHoursViewController.swift; sourceTree = "<group>"; };
		D267A17523C068529EF4D55C /* Pods-Bowling3.release.xcconfig */ = {isa = PBXFileReference; includeInIndex = 1; lastKnownFileType = text.xcconfig; name = "Pods-Bowling3.release.xcconfig"; path = "Target Support Files/Pods-Bowling3/Pods-Bowling3.release.xcconfig"; sourceTree = "<group>"; };
/* End PBXFileReference section */

/* Begin PBXFrameworksBuildPhase section */
		CF085E352512E980006F3B55 /* Frameworks */ = {
			isa = PBXFrameworksBuildPhase;
			buildActionMask = 2147483647;
			files = (
				D82F5BAD1F5E0367389DCB47 /* Pods_Bowling3.framework in Frameworks */,
			);
			runOnlyForDeploymentPostprocessing = 0;
		};
/* End PBXFrameworksBuildPhase section */

/* Begin PBXGroup section */
		10D69D095CE5B81D814E7954 /* Frameworks */ = {
			isa = PBXGroup;
			children = (
				AE5B01B33954135F85B7A5C2 /* Pods_Bowling3.framework */,
			);
			name = Frameworks;
			sourceTree = "<group>";
		};
		111999CA4FC2C6FD9066273D /* Pods */ = {
			isa = PBXGroup;
			children = (
				A439573DDC3B1524DDB42925 /* Pods-Bowling3.debug.xcconfig */,
				D267A17523C068529EF4D55C /* Pods-Bowling3.release.xcconfig */,
			);
			path = Pods;
			sourceTree = "<group>";
		};
		CF085E2F2512E980006F3B55 = {
			isa = PBXGroup;
			children = (
				CF085E3A2512E980006F3B55 /* Bowling3 */,
				CF085E392512E980006F3B55 /* Products */,
				111999CA4FC2C6FD9066273D /* Pods */,
				10D69D095CE5B81D814E7954 /* Frameworks */,
			);
			sourceTree = "<group>";
		};
		CF085E392512E980006F3B55 /* Products */ = {
			isa = PBXGroup;
			children = (
				CF085E382512E980006F3B55 /* Bowling3.app */,
			);
			name = Products;
			sourceTree = "<group>";
		};
		CF085E3A2512E980006F3B55 /* Bowling3 */ = {
			isa = PBXGroup;
			children = (
				CF085E3B2512E980006F3B55 /* AppDelegate.swift */,
				CF085E3D2512E980006F3B55 /* SceneDelegate.swift */,
				CF085E3F2512E980006F3B55 /* ViewController.swift */,
				CF085E412512E980006F3B55 /* Main.storyboard */,
				CF085E442512E982006F3B55 /* Assets.xcassets */,
				CF085E462512E982006F3B55 /* LaunchScreen.storyboard */,
				CF085E492512E982006F3B55 /* Info.plist */,
				CF085E4F2512EE73006F3B55 /* MemoViewController.swift */,
				CF085E512512F21F006F3B55 /* addMemoViewController.swift */,
				CF085E532512F3E7006F3B55 /* DetailViewController.swift */,
				CF085E552512F981006F3B55 /* SpreadSheetViewController.swift */,
				CF974EBF25130376000158F7 /* BlogViewController.swift */,
				CF974EC1251316A3000158F7 /* BusinessHoursViewController.swift */,
			);
			path = Bowling3;
			sourceTree = "<group>";
		};
/* End PBXGroup section */

/* Begin PBXNativeTarget section */
		CF085E372512E980006F3B55 /* Bowling3 */ = {
			isa = PBXNativeTarget;
			buildConfigurationList = CF085E4C2512E982006F3B55 /* Build configuration list for PBXNativeTarget "Bowling3" */;
			buildPhases = (
				1ACDAED7C57EF357F65E371F /* [CP] Check Pods Manifest.lock */,
				CF085E342512E980006F3B55 /* Sources */,
				CF085E352512E980006F3B55 /* Frameworks */,
				CF085E362512E980006F3B55 /* Resources */,
				DC4E8A5CFB1776892874AAFA /* [CP] Embed Pods Frameworks */,
			);
			buildRules = (
			);
			dependencies = (
			);
			name = Bowling3;
			productName = Bowling3;
			productReference = CF085E382512E980006F3B55 /* Bowling3.app */;
			productType = "com.apple.product-type.application";
		};
/* End PBXNativeTarget section */

/* Begin PBXProject section */
		CF085E302512E980006F3B55 /* Project object */ = {
			isa = PBXProject;
			attributes = {
				LastSwiftUpdateCheck = 1170;
				LastUpgradeCheck = 1170;
				ORGANIZATIONNAME = "Daichi Yoshikawa";
				TargetAttributes = {
					CF085E372512E980006F3B55 = {
						CreatedOnToolsVersion = 11.7;
					};
				};
			};
			buildConfigurationList = CF085E332512E980006F3B55 /* Build configuration list for PBXProject "Bowling3" */;
			compatibilityVersion = "Xcode 9.3";
			developmentRegion = en;
			hasScannedForEncodings = 0;
			knownRegions = (
				en,
				Base,
			);
			mainGroup = CF085E2F2512E980006F3B55;
			productRefGroup = CF085E392512E980006F3B55 /* Products */;
			projectDirPath = "";
			projectRoot = "";
			targets = (
				CF085E372512E980006F3B55 /* Bowling3 */,
			);
		};
/* End PBXProject section */

/* Begin PBXResourcesBuildPhase section */
		CF085E362512E980006F3B55 /* Resources */ = {
			isa = PBXResourcesBuildPhase;
			buildActionMask = 2147483647;
			files = (
				CF085E482512E982006F3B55 /* LaunchScreen.storyboard in Resources */,
				CF085E452512E982006F3B55 /* Assets.xcassets in Resources */,
				CF085E432512E980006F3B55 /* Main.storyboard in Resources */,
			);
			runOnlyForDeploymentPostprocessing = 0;
		};
/* End PBXResourcesBuildPhase section */

/* Begin PBXShellScriptBuildPhase section */
		1ACDAED7C57EF357F65E371F /* [CP] Check Pods Manifest.lock */ = {
			isa = PBXShellScriptBuildPhase;
			buildActionMask = 2147483647;
			files = (
			);
			inputFileListPaths = (
			);
			inputPaths = (
				"${PODS_PODFILE_DIR_PATH}/Podfile.lock",
				"${PODS_ROOT}/Manifest.lock",
			);
			name = "[CP] Check Pods Manifest.lock";
			outputFileListPaths = (
			);
			outputPaths = (
				"$(DERIVED_FILE_DIR)/Pods-Bowling3-checkManifestLockResult.txt",
			);
			runOnlyForDeploymentPostprocessing = 0;
			shellPath = /bin/sh;
			shellScript = "diff \"${PODS_PODFILE_DIR_PATH}/Podfile.lock\" \"${PODS_ROOT}/Manifest.lock\" > /dev/null\nif [ $? != 0 ] ; then\n    # print error to STDERR\n    echo \"error: The sandbox is not in sync with the Podfile.lock. Run 'pod install' or update your CocoaPods installation.\" >&2\n    exit 1\nfi\n# This output is used by Xcode 'outputs' to avoid re-running this script phase.\necho \"SUCCESS\" > \"${SCRIPT_OUTPUT_FILE_0}\"\n";
			showEnvVarsInLog = 0;
		};
		DC4E8A5CFB1776892874AAFA /* [CP] Embed Pods Frameworks */ = {
			isa = PBXShellScriptBuildPhase;
			buildActionMask = 2147483647;
			files = (
			);
			inputFileListPaths = (
				"${PODS_ROOT}/Target Support Files/Pods-Bowling3/Pods-Bowling3-frameworks-${CONFIGURATION}-input-files.xcfilelist",
			);
			name = "[CP] Embed Pods Frameworks";
			outputFileListPaths = (
				"${PODS_ROOT}/Target Support Files/Pods-Bowling3/Pods-Bowling3-frameworks-${CONFIGURATION}-output-files.xcfilelist",
			);
			runOnlyForDeploymentPostprocessing = 0;
			shellPath = /bin/sh;
			shellScript = "\"${PODS_ROOT}/Target Support Files/Pods-Bowling3/Pods-Bowling3-frameworks.sh\"\n";
			showEnvVarsInLog = 0;
		};
/* End PBXShellScriptBuildPhase section */

/* Begin PBXSourcesBuildPhase section */
		CF085E342512E980006F3B55 /* Sources */ = {
			isa = PBXSourcesBuildPhase;
			buildActionMask = 2147483647;
			files = (
				CF085E502512EE73006F3B55 /* MemoViewController.swift in Sources */,
				CF085E402512E980006F3B55 /* ViewController.swift in Sources */,
				CF085E522512F21F006F3B55 /* addMemoViewController.swift in Sources */,
				CF085E542512F3E7006F3B55 /* DetailViewController.swift in Sources */,
				CF085E562512F981006F3B55 /* SpreadSheetViewController.swift in Sources */,
				CF085E3C2512E980006F3B55 /* AppDelegate.swift in Sources */,
				CF974EC2251316A3000158F7 /* BusinessHoursViewController.swift in Sources */,
				CF974EC025130376000158F7 /* BlogViewController.swift in Sources */,
				CF085E3E2512E980006F3B55 /* SceneDelegate.swift in Sources */,
			);
			runOnlyForDeploymentPostprocessing = 0;
		};
/* End PBXSourcesBuildPhase section */

/* Begin PBXVariantGroup section */
		CF085E412512E980006F3B55 /* Main.storyboard */ = {
			isa = PBXVariantGroup;
			children = (
				CF085E422512E980006F3B55 /* Base */,
			);
			name = Main.storyboard;
			sourceTree = "<group>";
		};
		CF085E462512E982006F3B55 /* LaunchScreen.storyboard */ = {
			isa = PBXVariantGroup;
			children = (
				CF085E472512E982006F3B55 /* Base */,
			);
			name = LaunchScreen.storyboard;
			sourceTree = "<group>";
		};
/* End PBXVariantGroup section */

/* Begin XCBuildConfiguration section */
		CF085E4A2512E982006F3B55 /* Debug */ = {
			isa = XCBuildConfiguration;
			buildSettings = {
				ALWAYS_SEARCH_USER_PATHS = NO;
				CLANG_ANALYZER_NONNULL = YES;
				CLANG_ANALYZER_NUMBER_OBJECT_CONVERSION = YES_AGGRESSIVE;
				CLANG_CXX_LANGUAGE_STANDARD = "gnu++14";
				CLANG_CXX_LIBRARY = "libc++";
				CLANG_ENABLE_MODULES = YES;
				CLANG_ENABLE_OBJC_ARC = YES;
				CLANG_ENABLE_OBJC_WEAK = YES;
				CLANG_WARN_BLOCK_CAPTURE_AUTORELEASING = YES;
				CLANG_WARN_BOOL_CONVERSION = YES;
				CLANG_WARN_COMMA = YES;
				CLANG_WARN_CONSTANT_CONVERSION = YES;
				CLANG_WARN_DEPRECATED_OBJC_IMPLEMENTATIONS = YES;
				CLANG_WARN_DIRECT_OBJC_ISA_USAGE = YES_ERROR;
				CLANG_WARN_DOCUMENTATION_COMMENTS = YES;
				CLANG_WARN_EMPTY_BODY = YES;
				CLANG_WARN_ENUM_CONVERSION = YES;
				CLANG_WARN_INFINITE_RECURSION = YES;
				CLANG_WARN_INT_CONVERSION = YES;
				CLANG_WARN_NON_LITERAL_NULL_CONVERSION = YES;
				CLANG_WARN_OBJC_IMPLICIT_RETAIN_SELF = YES;
				CLANG_WARN_OBJC_LITERAL_CONVERSION = YES;
				CLANG_WARN_OBJC_ROOT_CLASS = YES_ERROR;
				CLANG_WARN_RANGE_LOOP_ANALYSIS = YES;
				CLANG_WARN_STRICT_PROTOTYPES = YES;
				CLANG_WARN_SUSPICIOUS_MOVE = YES;
				CLANG_WARN_UNGUARDED_AVAILABILITY = YES_AGGRESSIVE;
				CLANG_WARN_UNREACHABLE_CODE = YES;
				CLANG_WARN__DUPLICATE_METHOD_MATCH = YES;
				COPY_PHASE_STRIP = NO;
				DEBUG_INFORMATION_FORMAT = dwarf;
				ENABLE_STRICT_OBJC_MSGSEND = YES;
				ENABLE_TESTABILITY = YES;
				GCC_C_LANGUAGE_STANDARD = gnu11;
				GCC_DYNAMIC_NO_PIC = NO;
				GCC_NO_COMMON_BLOCKS = YES;
				GCC_OPTIMIZATION_LEVEL = 0;
				GCC_PREPROCESSOR_DEFINITIONS = (
					"DEBUG=1",
					"$(inherited)",
				);
				GCC_WARN_64_TO_32_BIT_CONVERSION = YES;
				GCC_WARN_ABOUT_RETURN_TYPE = YES_ERROR;
				GCC_WARN_UNDECLARED_SELECTOR = YES;
				GCC_WARN_UNINITIALIZED_AUTOS = YES_AGGRESSIVE;
				GCC_WARN_UNUSED_FUNCTION = YES;
				GCC_WARN_UNUSED_VARIABLE = YES;
				IPHONEOS_DEPLOYMENT_TARGET = 13.7;
				MTL_ENABLE_DEBUG_INFO = INCLUDE_SOURCE;
				MTL_FAST_MATH = YES;
				ONLY_ACTIVE_ARCH = YES;
				SDKROOT = iphoneos;
				SWIFT_ACTIVE_COMPILATION_CONDITIONS = DEBUG;
				SWIFT_OPTIMIZATION_LEVEL = "-Onone";
			};
			name = Debug;
		};
		CF085E4B2512E982006F3B55 /* Release */ = {
			isa = XCBuildConfiguration;
			buildSettings = {
				ALWAYS_SEARCH_USER_PATHS = NO;
				CLANG_ANALYZER_NONNULL = YES;
				CLANG_ANALYZER_NUMBER_OBJECT_CONVERSION = YES_AGGRESSIVE;
				CLANG_CXX_LANGUAGE_STANDARD = "gnu++14";
				CLANG_CXX_LIBRARY = "libc++";
				CLANG_ENABLE_MODULES = YES;
				CLANG_ENABLE_OBJC_ARC = YES;
				CLANG_ENABLE_OBJC_WEAK = YES;
				CLANG_WARN_BLOCK_CAPTURE_AUTORELEASING = YES;
				CLANG_WARN_BOOL_CONVERSION = YES;
				CLANG_WARN_COMMA = YES;
				CLANG_WARN_CONSTANT_CONVERSION = YES;
				CLANG_WARN_DEPRECATED_OBJC_IMPLEMENTATIONS = YES;
				CLANG_WARN_DIRECT_OBJC_ISA_USAGE = YES_ERROR;
				CLANG_WARN_DOCUMENTATION_COMMENTS = YES;
				CLANG_WARN_EMPTY_BODY = YES;
				CLANG_WARN_ENUM_CONVERSION = YES;
				CLANG_WARN_INFINITE_RECURSION = YES;
				CLANG_WARN_INT_CONVERSION = YES;
				CLANG_WARN_NON_LITERAL_NULL_CONVERSION = YES;
				CLANG_WARN_OBJC_IMPLICIT_RETAIN_SELF = YES;
				CLANG_WARN_OBJC_LITERAL_CONVERSION = YES;
				CLANG_WARN_OBJC_ROOT_CLASS = YES_ERROR;
				CLANG_WARN_RANGE_LOOP_ANALYSIS = YES;
				CLANG_WARN_STRICT_PROTOTYPES = YES;
				CLANG_WARN_SUSPICIOUS_MOVE = YES;
				CLANG_WARN_UNGUARDED_AVAILABILITY = YES_AGGRESSIVE;
				CLANG_WARN_UNREACHABLE_CODE = YES;
				CLANG_WARN__DUPLICATE_METHOD_MATCH = YES;
				COPY_PHASE_STRIP = NO;
				DEBUG_INFORMATION_FORMAT = "dwarf-with-dsym";
				ENABLE_NS_ASSERTIONS = NO;
				ENABLE_STRICT_OBJC_MSGSEND = YES;
				GCC_C_LANGUAGE_STANDARD = gnu11;
				GCC_NO_COMMON_BLOCKS = YES;
				GCC_WARN_64_TO_32_BIT_CONVERSION = YES;
				GCC_WARN_ABOUT_RETURN_TYPE = YES_ERROR;
				GCC_WARN_UNDECLARED_SELECTOR = YES;
				GCC_WARN_UNINITIALIZED_AUTOS = YES_AGGRESSIVE;
				GCC_WARN_UNUSED_FUNCTION = YES;
				GCC_WARN_UNUSED_VARIABLE = YES;
				IPHONEOS_DEPLOYMENT_TARGET = 13.7;
				MTL_ENABLE_DEBUG_INFO = NO;
				MTL_FAST_MATH = YES;
				SDKROOT = iphoneos;
				SWIFT_COMPILATION_MODE = wholemodule;
				SWIFT_OPTIMIZATION_LEVEL = "-O";
				VALIDATE_PRODUCT = YES;
			};
			name = Release;
		};
		CF085E4D2512E982006F3B55 /* Debug */ = {
			isa = XCBuildConfiguration;
			baseConfigurationReference = A439573DDC3B1524DDB42925 /* Pods-Bowling3.debug.xcconfig */;
			buildSettings = {
				ASSETCATALOG_COMPILER_APPICON_NAME = AppIcon;
				CODE_SIGN_STYLE = Automatic;
				DEVELOPMENT_TEAM = 7858FD9A4H;
				INFOPLIST_FILE = Bowling3/Info.plist;
				IPHONEOS_DEPLOYMENT_TARGET = 13.5;
				LD_RUNPATH_SEARCH_PATHS = (
					"$(inherited)",
					"@executable_path/Frameworks",
				);
				PRODUCT_BUNDLE_IDENTIFIER = yossi.Bowling3;
				PRODUCT_NAME = "$(TARGET_NAME)";
				SWIFT_VERSION = 5.0;
				TARGETED_DEVICE_FAMILY = "1,2";
			};
			name = Debug;
		};
		CF085E4E2512E982006F3B55 /* Release */ = {
			isa = XCBuildConfiguration;
			baseConfigurationReference = D267A17523C068529EF4D55C /* Pods-Bowling3.release.xcconfig */;
			buildSettings = {
				ASSETCATALOG_COMPILER_APPICON_NAME = AppIcon;
				CODE_SIGN_STYLE = Automatic;
				DEVELOPMENT_TEAM = 7858FD9A4H;
				INFOPLIST_FILE = Bowling3/Info.plist;
				IPHONEOS_DEPLOYMENT_TARGET = 13.5;
				LD_RUNPATH_SEARCH_PATHS = (
					"$(inherited)",
					"@executable_path/Frameworks",
				);
				PRODUCT_BUNDLE_IDENTIFIER = yossi.Bowling3;
				PRODUCT_NAME = "$(TARGET_NAME)";
				SWIFT_VERSION = 5.0;
				TARGETED_DEVICE_FAMILY = "1,2";
			};
			name = Release;
		};
/* End XCBuildConfiguration section */

/* Begin XCConfigurationList section */
		CF085E332512E980006F3B55 /* Build configuration list for PBXProject "Bowling3" */ = {
			isa = XCConfigurationList;
			buildConfigurations = (
				CF085E4A2512E982006F3B55 /* Debug */,
				CF085E4B2512E982006F3B55 /* Release */,
			);
			defaultConfigurationIsVisible = 0;
			defaultConfigurationName = Release;
		};
		CF085E4C2512E982006F3B55 /* Build configuration list for PBXNativeTarget "Bowling3" */ = {
			isa = XCConfigurationList;
			buildConfigurations = (
				CF085E4D2512E982006F3B55 /* Debug */,
				CF085E4E2512E982006F3B55 /* Release */,
			);
			defaultConfigurationIsVisible = 0;
			defaultConfigurationName = Release;
		};
/* End XCConfigurationList section */
	};
	rootObject = CF085E302512E980006F3B55 /* Project object */;
}
